{
  "name": "test-anim",
  "version": "1.0.0",
  "lockfileVersion": 1,
  "requires": true,
  "dependencies": {
    "@types/matter-js": {
      "version": "0.10.9",
      "resolved": "https://registry.npmjs.org/@types/matter-js/-/matter-js-0.10.9.tgz",
      "integrity": "sha512-/jj78J7/85d74w1zUNfViPuRwT5s4qlJ3Kb76WSiMhP4GgyNvIiVbZq02GxxiH5kEg85OfMTgQ1erHgDGEcUwA=="
    }
  }
}
